// !$*UTF8*$!
{
	archiveVersion = 1;
	classes = {
	};
	objectVersion = 55;
	objects = {

/* Begin PBXBuildFile section */
		B78647CA2739FA85004BB50B /* Room.scn in Resources */ = {isa = PBXBuildFile; fileRef = B78647C92739FA85004BB50B /* Room.scn */; };
		B78647D0273F20C3004BB50B /* Cube.scn in Resources */ = {isa = PBXBuildFile; fileRef = B78647CF273F20C3004BB50B /* Cube.scn */; };
		FD31FBB027385830006DE220 /* AppDelegate.swift in Sources */ = {isa = PBXBuildFile; fileRef = FD31FBAF27385830006DE220 /* AppDelegate.swift */; };
		FD31FBB227385830006DE220 /* SceneDelegate.swift in Sources */ = {isa = PBXBuildFile; fileRef = FD31FBB127385830006DE220 /* SceneDelegate.swift */; };
		FD31FBB427385830006DE220 /* LearningViewController.swift in Sources */ = {isa = PBXBuildFile; fileRef = FD31FBB327385830006DE220 /* LearningViewController.swift */; };
		FD31FBB727385830006DE220 /* Main.storyboard in Resources */ = {isa = PBXBuildFile; fileRef = FD31FBB527385830006DE220 /* Main.storyboard */; };
		FD31FBB927385831006DE220 /* Assets.xcassets in Resources */ = {isa = PBXBuildFile; fileRef = FD31FBB827385831006DE220 /* Assets.xcassets */; };
		FD31FBBC27385831006DE220 /* LaunchScreen.storyboard in Resources */ = {isa = PBXBuildFile; fileRef = FD31FBBA27385831006DE220 /* LaunchScreen.storyboard */; };
		FD31FBC427385A39006DE220 /* RingBuffer.swift in Sources */ = {isa = PBXBuildFile; fileRef = FD31FBC327385A39006DE220 /* RingBuffer.swift */; };
		FDF76D2F27386ED800A26E19 /* PredictionViewController.swift in Sources */ = {isa = PBXBuildFile; fileRef = FDF76D2E27386ED800A26E19 /* PredictionViewController.swift */; };
		FDF76D31273886EC00A26E19 /* DatasetsTableView.swift in Sources */ = {isa = PBXBuildFile; fileRef = FDF76D30273886EB00A26E19 /* DatasetsTableView.swift */; };
		FDF76D3327388BE100A26E19 /* ServerModel.swift in Sources */ = {isa = PBXBuildFile; fileRef = FDF76D3227388BE100A26E19 /* ServerModel.swift */; };
		FDF76D352738971500A26E19 /* DeleteDatasetViewController.swift in Sources */ = {isa = PBXBuildFile; fileRef = FDF76D342738971500A26E19 /* DeleteDatasetViewController.swift */; };
		FDF76D372738B5B400A26E19 /* DebugPredViewController.swift in Sources */ = {isa = PBXBuildFile; fileRef = FDF76D362738B5B400A26E19 /* DebugPredViewController.swift */; };
		FDFA66052739F80200A866F8 /* LearnedSettingsViewController.swift in Sources */ = {isa = PBXBuildFile; fileRef = FDFA66042739F80200A866F8 /* LearnedSettingsViewController.swift */; };
/* End PBXBuildFile section */

/* Begin PBXFileReference section */
		B78647C92739FA85004BB50B /* Room.scn */ = {isa = PBXFileReference; lastKnownFileType = file.bplist; path = Room.scn; sourceTree = "<group>"; };
		B78647CF273F20C3004BB50B /* Cube.scn */ = {isa = PBXFileReference; lastKnownFileType = file.bplist; path = Cube.scn; sourceTree = "<group>"; };
		FD31FBAC27385830006DE220 /* LearnedRubiks.app */ = {isa = PBXFileReference; explicitFileType = wrapper.application; includeInIndex = 0; path = LearnedRubiks.app; sourceTree = BUILT_PRODUCTS_DIR; };
		FD31FBAF27385830006DE220 /* AppDelegate.swift */ = {isa = PBXFileReference; lastKnownFileType = sourcecode.swift; path = AppDelegate.swift; sourceTree = "<group>"; };
		FD31FBB127385830006DE220 /* SceneDelegate.swift */ = {isa = PBXFileReference; lastKnownFileType = sourcecode.swift; path = SceneDelegate.swift; sourceTree = "<group>"; };
		FD31FBB327385830006DE220 /* LearningViewController.swift */ = {isa = PBXFileReference; lastKnownFileType = sourcecode.swift; path = LearningViewController.swift; sourceTree = "<group>"; };
		FD31FBB627385830006DE220 /* Base */ = {isa = PBXFileReference; lastKnownFileType = file.storyboard; name = Base; path = Base.lproj/Main.storyboard; sourceTree = "<group>"; };
		FD31FBB827385831006DE220 /* Assets.xcassets */ = {isa = PBXFileReference; lastKnownFileType = folder.assetcatalog; path = Assets.xcassets; sourceTree = "<group>"; };
		FD31FBBB27385831006DE220 /* Base */ = {isa = PBXFileReference; lastKnownFileType = file.storyboard; name = Base; path = Base.lproj/LaunchScreen.storyboard; sourceTree = "<group>"; };
		FD31FBBD27385831006DE220 /* Info.plist */ = {isa = PBXFileReference; lastKnownFileType = text.plist.xml; path = Info.plist; sourceTree = "<group>"; };
		FD31FBC327385A39006DE220 /* RingBuffer.swift */ = {isa = PBXFileReference; lastKnownFileType = sourcecode.swift; path = RingBuffer.swift; sourceTree = "<group>"; };
		FDF76D2E27386ED800A26E19 /* PredictionViewController.swift */ = {isa = PBXFileReference; lastKnownFileType = sourcecode.swift; path = PredictionViewController.swift; sourceTree = "<group>"; };
		FDF76D30273886EB00A26E19 /* DatasetsTableView.swift */ = {isa = PBXFileReference; lastKnownFileType = sourcecode.swift; path = DatasetsTableView.swift; sourceTree = "<group>"; };
		FDF76D3227388BE100A26E19 /* ServerModel.swift */ = {isa = PBXFileReference; lastKnownFileType = sourcecode.swift; path = ServerModel.swift; sourceTree = "<group>"; };
		FDF76D342738971500A26E19 /* DeleteDatasetViewController.swift */ = {isa = PBXFileReference; lastKnownFileType = sourcecode.swift; path = DeleteDatasetViewController.swift; sourceTree = "<group>"; };
		FDF76D362738B5B400A26E19 /* DebugPredViewController.swift */ = {isa = PBXFileReference; lastKnownFileType = sourcecode.swift; path = DebugPredViewController.swift; sourceTree = "<group>"; };
		FDFA66042739F80200A866F8 /* LearnedSettingsViewController.swift */ = {isa = PBXFileReference; lastKnownFileType = sourcecode.swift; path = LearnedSettingsViewController.swift; sourceTree = "<group>"; };
/* End PBXFileReference section */

/* Begin PBXFrameworksBuildPhase section */
		FD31FBA927385830006DE220 /* Frameworks */ = {
			isa = PBXFrameworksBuildPhase;
			buildActionMask = 2147483647;
			files = (
			);
			runOnlyForDeploymentPostprocessing = 0;
		};
/* End PBXFrameworksBuildPhase section */

/* Begin PBXGroup section */
		FD31FBA327385830006DE220 = {
			isa = PBXGroup;
			children = (
				B78647CF273F20C3004BB50B /* Cube.scn */,
				FD31FBAE27385830006DE220 /* LearnedRubiks */,
				FD31FBAD27385830006DE220 /* Products */,
				FDFA6606273CA6BA00A866F8 /* Recovered References */,
			);
			sourceTree = "<group>";
		};
		FD31FBAD27385830006DE220 /* Products */ = {
			isa = PBXGroup;
			children = (
				FD31FBAC27385830006DE220 /* LearnedRubiks.app */,
			);
			name = Products;
			sourceTree = "<group>";
		};
		FD31FBAE27385830006DE220 /* LearnedRubiks */ = {
			isa = PBXGroup;
			children = (
				FDFA66042739F80200A866F8 /* LearnedSettingsViewController.swift */,
				FD31FBAF27385830006DE220 /* AppDelegate.swift */,
				FD31FBB127385830006DE220 /* SceneDelegate.swift */,
				FD31FBB327385830006DE220 /* LearningViewController.swift */,
				FDF76D2E27386ED800A26E19 /* PredictionViewController.swift */,
				FDF76D30273886EB00A26E19 /* DatasetsTableView.swift */,
				FDF76D342738971500A26E19 /* DeleteDatasetViewController.swift */,
				FDF76D3227388BE100A26E19 /* ServerModel.swift */,
				FD31FBC327385A39006DE220 /* RingBuffer.swift */,
				FD31FBB527385830006DE220 /* Main.storyboard */,
				FD31FBB827385831006DE220 /* Assets.xcassets */,
				FD31FBBA27385831006DE220 /* LaunchScreen.storyboard */,
				FD31FBBD27385831006DE220 /* Info.plist */,
				FDF76D362738B5B400A26E19 /* DebugPredViewController.swift */,
				B78647C92739FA85004BB50B /* Room.scn */,
			);
			path = LearnedRubiks;
			sourceTree = "<group>";
		};
		FDFA6606273CA6BA00A866F8 /* Recovered References */ = {
			isa = PBXGroup;
			children = (
			);
			name = "Recovered References";
			sourceTree = "<group>";
		};
/* End PBXGroup section */

/* Begin PBXNativeTarget section */
		FD31FBAB27385830006DE220 /* LearnedRubiks */ = {
			isa = PBXNativeTarget;
			buildConfigurationList = FD31FBC027385831006DE220 /* Build configuration list for PBXNativeTarget "LearnedRubiks" */;
			buildPhases = (
				FD31FBA827385830006DE220 /* Sources */,
				FD31FBA927385830006DE220 /* Frameworks */,
				FD31FBAA27385830006DE220 /* Resources */,
			);
			buildRules = (
			);
			dependencies = (
			);
			name = LearnedRubiks;
			productName = LearnedRubiks;
			productReference = FD31FBAC27385830006DE220 /* LearnedRubiks.app */;
			productType = "com.apple.product-type.application";
		};
/* End PBXNativeTarget section */

/* Begin PBXProject section */
		FD31FBA427385830006DE220 /* Project object */ = {
			isa = PBXProject;
			attributes = {
				BuildIndependentTargetsInParallel = 1;
				LastSwiftUpdateCheck = 1300;
				LastUpgradeCheck = 1300;
				TargetAttributes = {
					FD31FBAB27385830006DE220 = {
						CreatedOnToolsVersion = 13.0;
					};
				};
			};
			buildConfigurationList = FD31FBA727385830006DE220 /* Build configuration list for PBXProject "LearnedRubiks" */;
			compatibilityVersion = "Xcode 13.0";
			developmentRegion = en;
			hasScannedForEncodings = 0;
			knownRegions = (
				en,
				Base,
			);
			mainGroup = FD31FBA327385830006DE220;
			productRefGroup = FD31FBAD27385830006DE220 /* Products */;
			projectDirPath = "";
			projectRoot = "";
			targets = (
				FD31FBAB27385830006DE220 /* LearnedRubiks */,
			);
		};
/* End PBXProject section */

/* Begin PBXResourcesBuildPhase section */
		FD31FBAA27385830006DE220 /* Resources */ = {
			isa = PBXResourcesBuildPhase;
			buildActionMask = 2147483647;
			files = (
				FD31FBBC27385831006DE220 /* LaunchScreen.storyboard in Resources */,
				B78647D0273F20C3004BB50B /* Cube.scn in Resources */,
				FD31FBB927385831006DE220 /* Assets.xcassets in Resources */,
				FD31FBB727385830006DE220 /* Main.storyboard in Resources */,
				B78647CA2739FA85004BB50B /* Room.scn in Resources */,
			);
			runOnlyForDeploymentPostprocessing = 0;
		};
/* End PBXResourcesBuildPhase section */

/* Begin PBXSourcesBuildPhase section */
		FD31FBA827385830006DE220 /* Sources */ = {
			isa = PBXSourcesBuildPhase;
			buildActionMask = 2147483647;
			files = (
				FD31FBB427385830006DE220 /* LearningViewController.swift in Sources */,
				FDF76D3327388BE100A26E19 /* ServerModel.swift in Sources */,
				FDF76D2F27386ED800A26E19 /* PredictionViewController.swift in Sources */,
				FDF76D372738B5B400A26E19 /* DebugPredViewController.swift in Sources */,
				FD31FBC427385A39006DE220 /* RingBuffer.swift in Sources */,
				FDF76D352738971500A26E19 /* DeleteDatasetViewController.swift in Sources */,
				FDF76D31273886EC00A26E19 /* DatasetsTableView.swift in Sources */,
				FDFA66052739F80200A866F8 /* LearnedSettingsViewController.swift in Sources */,
				FD31FBB027385830006DE220 /* AppDelegate.swift in Sources */,
				FD31FBB227385830006DE220 /* SceneDelegate.swift in Sources */,
			);
			runOnlyForDeploymentPostprocessing = 0;
		};
/* End PBXSourcesBuildPhase section */

/* Begin PBXVariantGroup section */
		FD31FBB527385830006DE220 /* Main.storyboard */ = {
			isa = PBXVariantGroup;
			children = (
				FD31FBB627385830006DE220 /* Base */,
			);
			name = Main.storyboard;
			sourceTree = "<group>";
		};
		FD31FBBA27385831006DE220 /* LaunchScreen.storyboard */ = {
			isa = PBXVariantGroup;
			children = (
				FD31FBBB27385831006DE220 /* Base */,
			);
			name = LaunchScreen.storyboard;
			sourceTree = "<group>";
		};
/* End PBXVariantGroup section */

/* Begin XCBuildConfiguration section */
		FD31FBBE27385831006DE220 /* Debug */ = {
			isa = XCBuildConfiguration;
			buildSettings = {
				ALWAYS_SEARCH_USER_PATHS = NO;
				CLANG_ANALYZER_NONNULL = YES;
				CLANG_ANALYZER_NUMBER_OBJECT_CONVERSION = YES_AGGRESSIVE;
				CLANG_CXX_LANGUAGE_STANDARD = "gnu++17";
				CLANG_CXX_LIBRARY = "libc++";
				CLANG_ENABLE_MODULES = YES;
				CLANG_ENABLE_OBJC_ARC = YES;
				CLANG_ENABLE_OBJC_WEAK = YES;
				CLANG_WARN_BLOCK_CAPTURE_AUTORELEASING = YES;
				CLANG_WARN_BOOL_CONVERSION = YES;
				CLANG_WARN_COMMA = YES;
				CLANG_WARN_CONSTANT_CONVERSION = YES;
				CLANG_WARN_DEPRECATED_OBJC_IMPLEMENTATIONS = YES;
				CLANG_WARN_DIRECT_OBJC_ISA_USAGE = YES_ERROR;
				CLANG_WARN_DOCUMENTATION_COMMENTS = YES;
				CLANG_WARN_EMPTY_BODY = YES;
				CLANG_WARN_ENUM_CONVERSION = YES;
				CLANG_WARN_INFINITE_RECURSION = YES;
				CLANG_WARN_INT_CONVERSION = YES;
				CLANG_WARN_NON_LITERAL_NULL_CONVERSION = YES;
				CLANG_WARN_OBJC_IMPLICIT_RETAIN_SELF = YES;
				CLANG_WARN_OBJC_LITERAL_CONVERSION = YES;
				CLANG_WARN_OBJC_ROOT_CLASS = YES_ERROR;
				CLANG_WARN_QUOTED_INCLUDE_IN_FRAMEWORK_HEADER = YES;
				CLANG_WARN_RANGE_LOOP_ANALYSIS = YES;
				CLANG_WARN_STRICT_PROTOTYPES = YES;
				CLANG_WARN_SUSPICIOUS_MOVE = YES;
				CLANG_WARN_UNGUARDED_AVAILABILITY = YES_AGGRESSIVE;
				CLANG_WARN_UNREACHABLE_CODE = YES;
				CLANG_WARN__DUPLICATE_METHOD_MATCH = YES;
				COPY_PHASE_STRIP = NO;
				DEBUG_INFORMATION_FORMAT = dwarf;
				ENABLE_STRICT_OBJC_MSGSEND = YES;
				ENABLE_TESTABILITY = YES;
				GCC_C_LANGUAGE_STANDARD = gnu11;
				GCC_DYNAMIC_NO_PIC = NO;
				GCC_NO_COMMON_BLOCKS = YES;
				GCC_OPTIMIZATION_LEVEL = 0;
				GCC_PREPROCESSOR_DEFINITIONS = (
					"DEBUG=1",
					"$(inherited)",
				);
				GCC_WARN_64_TO_32_BIT_CONVERSION = YES;
				GCC_WARN_ABOUT_RETURN_TYPE = YES_ERROR;
				GCC_WARN_UNDECLARED_SELECTOR = YES;
				GCC_WARN_UNINITIALIZED_AUTOS = YES_AGGRESSIVE;
				GCC_WARN_UNUSED_FUNCTION = YES;
				GCC_WARN_UNUSED_VARIABLE = YES;
				IPHONEOS_DEPLOYMENT_TARGET = 15.0;
				MTL_ENABLE_DEBUG_INFO = INCLUDE_SOURCE;
				MTL_FAST_MATH = YES;
				ONLY_ACTIVE_ARCH = YES;
				SDKROOT = iphoneos;
				SWIFT_ACTIVE_COMPILATION_CONDITIONS = DEBUG;
				SWIFT_OPTIMIZATION_LEVEL = "-Onone";
			};
			name = Debug;
		};
		FD31FBBF27385831006DE220 /* Release */ = {
			isa = XCBuildConfiguration;
			buildSettings = {
				ALWAYS_SEARCH_USER_PATHS = NO;
				CLANG_ANALYZER_NONNULL = YES;
				CLANG_ANALYZER_NUMBER_OBJECT_CONVERSION = YES_AGGRESSIVE;
				CLANG_CXX_LANGUAGE_STANDARD = "gnu++17";
				CLANG_CXX_LIBRARY = "libc++";
				CLANG_ENABLE_MODULES = YES;
				CLANG_ENABLE_OBJC_ARC = YES;
				CLANG_ENABLE_OBJC_WEAK = YES;
				CLANG_WARN_BLOCK_CAPTURE_AUTORELEASING = YES;
				CLANG_WARN_BOOL_CONVERSION = YES;
				CLANG_WARN_COMMA = YES;
				CLANG_WARN_CONSTANT_CONVERSION = YES;
				CLANG_WARN_DEPRECATED_OBJC_IMPLEMENTATIONS = YES;
				CLANG_WARN_DIRECT_OBJC_ISA_USAGE = YES_ERROR;
				CLANG_WARN_DOCUMENTATION_COMMENTS = YES;
				CLANG_WARN_EMPTY_BODY = YES;
				CLANG_WARN_ENUM_CONVERSION = YES;
				CLANG_WARN_INFINITE_RECURSION = YES;
				CLANG_WARN_INT_CONVERSION = YES;
				CLANG_WARN_NON_LITERAL_NULL_CONVERSION = YES;
				CLANG_WARN_OBJC_IMPLICIT_RETAIN_SELF = YES;
				CLANG_WARN_OBJC_LITERAL_CONVERSION = YES;
				CLANG_WARN_OBJC_ROOT_CLASS = YES_ERROR;
				CLANG_WARN_QUOTED_INCLUDE_IN_FRAMEWORK_HEADER = YES;
				CLANG_WARN_RANGE_LOOP_ANALYSIS = YES;
				CLANG_WARN_STRICT_PROTOTYPES = YES;
				CLANG_WARN_SUSPICIOUS_MOVE = YES;
				CLANG_WARN_UNGUARDED_AVAILABILITY = YES_AGGRESSIVE;
				CLANG_WARN_UNREACHABLE_CODE = YES;
				CLANG_WARN__DUPLICATE_METHOD_MATCH = YES;
				COPY_PHASE_STRIP = NO;
				DEBUG_INFORMATION_FORMAT = "dwarf-with-dsym";
				ENABLE_NS_ASSERTIONS = NO;
				ENABLE_STRICT_OBJC_MSGSEND = YES;
				GCC_C_LANGUAGE_STANDARD = gnu11;
				GCC_NO_COMMON_BLOCKS = YES;
				GCC_WARN_64_TO_32_BIT_CONVERSION = YES;
				GCC_WARN_ABOUT_RETURN_TYPE = YES_ERROR;
				GCC_WARN_UNDECLARED_SELECTOR = YES;
				GCC_WARN_UNINITIALIZED_AUTOS = YES_AGGRESSIVE;
				GCC_WARN_UNUSED_FUNCTION = YES;
				GCC_WARN_UNUSED_VARIABLE = YES;
				IPHONEOS_DEPLOYMENT_TARGET = 15.0;
				MTL_ENABLE_DEBUG_INFO = NO;
				MTL_FAST_MATH = YES;
				SDKROOT = iphoneos;
				SWIFT_COMPILATION_MODE = wholemodule;
				SWIFT_OPTIMIZATION_LEVEL = "-O";
				VALIDATE_PRODUCT = YES;
			};
			name = Release;
		};
		FD31FBC127385831006DE220 /* Debug */ = {
			isa = XCBuildConfiguration;
			buildSettings = {
				ASSETCATALOG_COMPILER_APPICON_NAME = AppIcon;
				ASSETCATALOG_COMPILER_GLOBAL_ACCENT_COLOR_NAME = AccentColor;
				CODE_SIGN_STYLE = Automatic;
				CURRENT_PROJECT_VERSION = 1;
				DEVELOPMENT_TEAM = XGS97V26UJ;
				GENERATE_INFOPLIST_FILE = YES;
				INFOPLIST_FILE = LearnedRubiks/Info.plist;
				INFOPLIST_KEY_UIApplicationSupportsIndirectInputEvents = YES;
				INFOPLIST_KEY_UILaunchStoryboardName = LaunchScreen;
				INFOPLIST_KEY_UIMainStoryboardFile = LaunchScreen;
				INFOPLIST_KEY_UISupportedInterfaceOrientations = UIInterfaceOrientationPortrait;
				INFOPLIST_KEY_UISupportedInterfaceOrientations_iPad = "UIInterfaceOrientationPortrait UIInterfaceOrientationPortraitUpsideDown UIInterfaceOrientationLandscapeLeft UIInterfaceOrientationLandscapeRight";
				INFOPLIST_KEY_UISupportedInterfaceOrientations_iPhone = UIInterfaceOrientationPortrait;
				IPHONEOS_DEPLOYMENT_TARGET = 14.7;
				LD_RUNPATH_SEARCH_PATHS = (
					"$(inherited)",
					"@executable_path/Frameworks",
				);
				MARKETING_VERSION = 1.0;
				PRODUCT_BUNDLE_IDENTIFIER = SMU.Lab5.LearnedRubiksss;
				PRODUCT_NAME = "$(TARGET_NAME)";
				SWIFT_EMIT_LOC_STRINGS = YES;
				SWIFT_VERSION = 5.0;
				TARGETED_DEVICE_FAMILY = "1,2";
			};
			name = Debug;
		};
		FD31FBC227385831006DE220 /* Release */ = {
			isa = XCBuildConfiguration;
			buildSettings = {
				ASSETCATALOG_COMPILER_APPICON_NAME = AppIcon;
				ASSETCATALOG_COMPILER_GLOBAL_ACCENT_COLOR_NAME = AccentColor;
				CODE_SIGN_STYLE = Automatic;
				CURRENT_PROJECT_VERSION = 1;
				DEVELOPMENT_TEAM = XGS97V26UJ;
				GENERATE_INFOPLIST_FILE = YES;
				INFOPLIST_FILE = LearnedRubiks/Info.plist;
				INFOPLIST_KEY_UIApplicationSupportsIndirectInputEvents = YES;
				INFOPLIST_KEY_UILaunchStoryboardName = LaunchScreen;
				INFOPLIST_KEY_UIMainStoryboardFile = LaunchScreen;
				INFOPLIST_KEY_UISupportedInterfaceOrientations = UIInterfaceOrientationPortrait;
				INFOPLIST_KEY_UISupportedInterfaceOrientations_iPad = "UIInterfaceOrientationPortrait UIInterfaceOrientationPortraitUpsideDown UIInterfaceOrientationLandscapeLeft UIInterfaceOrientationLandscapeRight";
				INFOPLIST_KEY_UISupportedInterfaceOrientations_iPhone = UIInterfaceOrientationPortrait;
				IPHONEOS_DEPLOYMENT_TARGET = 14.7;
				LD_RUNPATH_SEARCH_PATHS = (
					"$(inherited)",
					"@executable_path/Frameworks",
				);
				MARKETING_VERSION = 1.0;
				PRODUCT_BUNDLE_IDENTIFIER = SMU.Lab5.LearnedRubiks;
				PRODUCT_NAME = "$(TARGET_NAME)";
				SWIFT_EMIT_LOC_STRINGS = YES;
				SWIFT_VERSION = 5.0;
				TARGETED_DEVICE_FAMILY = "1,2";
			};
			name = Release;
		};
/* End XCBuildConfiguration section */

/* Begin XCConfigurationList section */
		FD31FBA727385830006DE220 /* Build configuration list for PBXProject "LearnedRubiks" */ = {
			isa = XCConfigurationList;
			buildConfigurations = (
				FD31FBBE27385831006DE220 /* Debug */,
				FD31FBBF27385831006DE220 /* Release */,
			);
			defaultConfigurationIsVisible = 0;
			defaultConfigurationName = Release;
		};
		FD31FBC027385831006DE220 /* Build configuration list for PBXNativeTarget "LearnedRubiks" */ = {
			isa = XCConfigurationList;
			buildConfigurations = (
				FD31FBC127385831006DE220 /* Debug */,
				FD31FBC227385831006DE220 /* Release */,
			);
			defaultConfigurationIsVisible = 0;
			defaultConfigurationName = Release;
		};
/* End XCConfigurationList section */
	};
	rootObject = FD31FBA427385830006DE220 /* Project object */;
}
